
Microsoft Visual Studio Solution File, Format Version 12.00
# Visual Studio 15
VisualStudioVersion = 15.0.27703.2026
MinimumVisualStudioVersion = 10.0.40219.1
Project("{FAE04EC0-301F-11D3-BF4B-00C04F79EFBC}") = "CapaData", "Capa Data\CapaData.csproj", "{2DA5E7BA-C7FE-4FC8-A9B4-895E8A5BFE0C}"
EndProject
Project("{FAE04EC0-301F-11D3-BF4B-00C04F79EFBC}") = "CapaBusiness", "CapaBusiness\CapaBusiness.csproj", "{FD5817A5-1C87-4CAE-986E-C03E11A080DC}"
EndProject
Project("{FAE04EC0-301F-11D3-BF4B-00C04F79EFBC}") = "CapaPresentacion", "CapaPresentacion\CapaPresentacion.csproj", "{4339D726-5252-412B-AE7C-074A9D8932ED}"
EndProject
Global
	GlobalSection(SolutionConfigurationPlatforms) = preSolution
		Debug|Any CPU = Debug|Any CPU
		Release|Any CPU = Release|Any CPU
	EndGlobalSection
	GlobalSection(ProjectConfigurationPlatforms) = postSolution
		{2DA5E7BA-C7FE-4FC8-A9B4-895E8A5BFE0C}.Debug|Any CPU.ActiveCfg = Debug|Any CPU
		{2DA5E7BA-C7FE-4FC8-A9B4-895E8A5BFE0C}.Debug|Any CPU.Build.0 = Debug|Any CPU
		{2DA5E7BA-C7FE-4FC8-A9B4-895E8A5BFE0C}.Release|Any CPU.ActiveCfg = Release|Any CPU
		{2DA5E7BA-C7FE-4FC8-A9B4-895E8A5BFE0C}.Release|Any CPU.Build.0 = Release|Any CPU
		{FD5817A5-1C87-4CAE-986E-C03E11A080DC}.Debug|Any CPU.ActiveCfg = Debug|Any CPU
		{FD5817A5-1C87-4CAE-986E-C03E11A080DC}.Debug|Any CPU.Build.0 = Debug|Any CPU
		{FD5817A5-1C87-4CAE-986E-C03E11A080DC}.Release|Any CPU.ActiveCfg = Release|Any CPU
		{FD5817A5-1C87-4CAE-986E-C03E11A080DC}.Release|Any CPU.Build.0 = Release|Any CPU
		{4339D726-5252-412B-AE7C-074A9D8932ED}.Debug|Any CPU.ActiveCfg = Debug|Any CPU
		{4339D726-5252-412B-AE7C-074A9D8932ED}.Debug|Any CPU.Build.0 = Debug|Any CPU
		{4339D726-5252-412B-AE7C-074A9D8932ED}.Release|Any CPU.ActiveCfg = Release|Any CPU
		{4339D726-5252-412B-AE7C-074A9D8932ED}.Release|Any CPU.Build.0 = Release|Any CPU
	EndGlobalSection
	GlobalSection(SolutionProperties) = preSolution
		HideSolutionNode = FALSE
	EndGlobalSection
	GlobalSection(ExtensibilityGlobals) = postSolution
		SolutionGuid = {87CA167A-617E-43F3-A959-C92E56D081E4}
	EndGlobalSection
EndGlobal
