
Microsoft Visual Studio Solution File, Format Version 12.00
# Visual Studio 15
VisualStudioVersion = 15.0.27703.2026
MinimumVisualStudioVersion = 10.0.40219.1
Project("{FAE04EC0-301F-11D3-BF4B-00C04F79EFBC}") = "DataLayer", "DataLayer\DataLayer.csproj", "{D1CA57AC-1371-45AB-92E3-0879891FD9F7}"
EndProject
Project("{FAE04EC0-301F-11D3-BF4B-00C04F79EFBC}") = "BusinessLayer", "BusinessLayer\BusinessLayer.csproj", "{2E7F4257-422F-45A2-8F3F-26E216B0A002}"
EndProject
Project("{FAE04EC0-301F-11D3-BF4B-00C04F79EFBC}") = "GUILayer", "GUILayer\GUILayer.csproj", "{D0545280-2124-4205-A56E-2BB986A924E4}"
EndProject
Global
	GlobalSection(SolutionConfigurationPlatforms) = preSolution
		Debug|Any CPU = Debug|Any CPU
		Release|Any CPU = Release|Any CPU
	EndGlobalSection
	GlobalSection(ProjectConfigurationPlatforms) = postSolution
		{D1CA57AC-1371-45AB-92E3-0879891FD9F7}.Debug|Any CPU.ActiveCfg = Debug|Any CPU
		{D1CA57AC-1371-45AB-92E3-0879891FD9F7}.Debug|Any CPU.Build.0 = Debug|Any CPU
		{D1CA57AC-1371-45AB-92E3-0879891FD9F7}.Release|Any CPU.ActiveCfg = Release|Any CPU
		{D1CA57AC-1371-45AB-92E3-0879891FD9F7}.Release|Any CPU.Build.0 = Release|Any CPU
		{2E7F4257-422F-45A2-8F3F-26E216B0A002}.Debug|Any CPU.ActiveCfg = Debug|Any CPU
		{2E7F4257-422F-45A2-8F3F-26E216B0A002}.Debug|Any CPU.Build.0 = Debug|Any CPU
		{2E7F4257-422F-45A2-8F3F-26E216B0A002}.Release|Any CPU.ActiveCfg = Release|Any CPU
		{2E7F4257-422F-45A2-8F3F-26E216B0A002}.Release|Any CPU.Build.0 = Release|Any CPU
		{D0545280-2124-4205-A56E-2BB986A924E4}.Debug|Any CPU.ActiveCfg = Debug|Any CPU
		{D0545280-2124-4205-A56E-2BB986A924E4}.Debug|Any CPU.Build.0 = Debug|Any CPU
		{D0545280-2124-4205-A56E-2BB986A924E4}.Release|Any CPU.ActiveCfg = Release|Any CPU
		{D0545280-2124-4205-A56E-2BB986A924E4}.Release|Any CPU.Build.0 = Release|Any CPU
	EndGlobalSection
	GlobalSection(SolutionProperties) = preSolution
		HideSolutionNode = FALSE
	EndGlobalSection
	GlobalSection(ExtensibilityGlobals) = postSolution
		SolutionGuid = {87CA167A-617E-43F3-A959-C92E56D081E4}
	EndGlobalSection
EndGlobal
